
Microsoft Visual Studio Solution File, Format Version 12.00
# Visual Studio Version 17
VisualStudioVersion = 17.14.36414.22
MinimumVisualStudioVersion = 10.0.40219.1
Project("{FAE04EC0-301F-11D3-BF4B-00C04F79EFBC}") = "App.Repositories", "Repositories\App.Repositories.csproj", "{AE2D95AA-8D5D-43A7-8734-5A66F22DD342}"
EndProject
Project("{FAE04EC0-301F-11D3-BF4B-00C04F79EFBC}") = "App.Services", "Services\App.Services.csproj", "{22AE3350-3C5E-46E4-A430-BB947AB694B7}"
EndProject
Project("{FAE04EC0-301F-11D3-BF4B-00C04F79EFBC}") = "App.API", "App.API\App.API.csproj", "{A9B45949-7246-4B3B-AD6E-7FF81DFAB19B}"
EndProject
Project("{2150E333-8FDC-42A3-9474-1A3956D46DE8}") = "NLayer", "NLayer", "{02EA681E-C7D8-13C7-8484-4AC65E1B71E8}"
EndProject
Project("{2150E333-8FDC-42A3-9474-1A3956D46DE8}") = "CleanArchitecture", "CleanArchitecture", "{8A8E59A8-50DC-43E0-A482-0F66E9F35315}"
EndProject
Project("{2150E333-8FDC-42A3-9474-1A3956D46DE8}") = "Src", "Src", "{242234CE-0F3F-44AF-8338-C9C3612B62FA}"
EndProject
Project("{2150E333-8FDC-42A3-9474-1A3956D46DE8}") = "Test", "Test", "{04680E9A-EE04-4AA6-91FB-663122D92720}"
EndProject
Project("{2150E333-8FDC-42A3-9474-1A3956D46DE8}") = "Core", "Core", "{060E17F9-9AB1-4FF7-A52A-A4C905ACC12A}"
EndProject
Project("{FAE04EC0-301F-11D3-BF4B-00C04F79EFBC}") = "App.Domain", "App.Domain\App.Domain.csproj", "{365443B3-ED22-4C8F-8DED-629AAF416CC9}"
EndProject
Global
	GlobalSection(SolutionConfigurationPlatforms) = preSolution
		Debug|Any CPU = Debug|Any CPU
		Release|Any CPU = Release|Any CPU
	EndGlobalSection
	GlobalSection(ProjectConfigurationPlatforms) = postSolution
		{AE2D95AA-8D5D-43A7-8734-5A66F22DD342}.Debug|Any CPU.ActiveCfg = Debug|Any CPU
		{AE2D95AA-8D5D-43A7-8734-5A66F22DD342}.Debug|Any CPU.Build.0 = Debug|Any CPU
		{AE2D95AA-8D5D-43A7-8734-5A66F22DD342}.Release|Any CPU.ActiveCfg = Release|Any CPU
		{AE2D95AA-8D5D-43A7-8734-5A66F22DD342}.Release|Any CPU.Build.0 = Release|Any CPU
		{22AE3350-3C5E-46E4-A430-BB947AB694B7}.Debug|Any CPU.ActiveCfg = Debug|Any CPU
		{22AE3350-3C5E-46E4-A430-BB947AB694B7}.Debug|Any CPU.Build.0 = Debug|Any CPU
		{22AE3350-3C5E-46E4-A430-BB947AB694B7}.Release|Any CPU.ActiveCfg = Release|Any CPU
		{22AE3350-3C5E-46E4-A430-BB947AB694B7}.Release|Any CPU.Build.0 = Release|Any CPU
		{A9B45949-7246-4B3B-AD6E-7FF81DFAB19B}.Debug|Any CPU.ActiveCfg = Debug|Any CPU
		{A9B45949-7246-4B3B-AD6E-7FF81DFAB19B}.Debug|Any CPU.Build.0 = Debug|Any CPU
		{A9B45949-7246-4B3B-AD6E-7FF81DFAB19B}.Release|Any CPU.ActiveCfg = Release|Any CPU
		{A9B45949-7246-4B3B-AD6E-7FF81DFAB19B}.Release|Any CPU.Build.0 = Release|Any CPU
		{365443B3-ED22-4C8F-8DED-629AAF416CC9}.Debug|Any CPU.ActiveCfg = Debug|Any CPU
		{365443B3-ED22-4C8F-8DED-629AAF416CC9}.Debug|Any CPU.Build.0 = Debug|Any CPU
		{365443B3-ED22-4C8F-8DED-629AAF416CC9}.Release|Any CPU.ActiveCfg = Release|Any CPU
		{365443B3-ED22-4C8F-8DED-629AAF416CC9}.Release|Any CPU.Build.0 = Release|Any CPU
	EndGlobalSection
	GlobalSection(SolutionProperties) = preSolution
		HideSolutionNode = FALSE
	EndGlobalSection
	GlobalSection(NestedProjects) = preSolution
		{AE2D95AA-8D5D-43A7-8734-5A66F22DD342} = {02EA681E-C7D8-13C7-8484-4AC65E1B71E8}
		{22AE3350-3C5E-46E4-A430-BB947AB694B7} = {02EA681E-C7D8-13C7-8484-4AC65E1B71E8}
		{A9B45949-7246-4B3B-AD6E-7FF81DFAB19B} = {02EA681E-C7D8-13C7-8484-4AC65E1B71E8}
		{242234CE-0F3F-44AF-8338-C9C3612B62FA} = {8A8E59A8-50DC-43E0-A482-0F66E9F35315}
		{04680E9A-EE04-4AA6-91FB-663122D92720} = {8A8E59A8-50DC-43E0-A482-0F66E9F35315}
		{060E17F9-9AB1-4FF7-A52A-A4C905ACC12A} = {242234CE-0F3F-44AF-8338-C9C3612B62FA}
		{365443B3-ED22-4C8F-8DED-629AAF416CC9} = {060E17F9-9AB1-4FF7-A52A-A4C905ACC12A}
	EndGlobalSection
	GlobalSection(ExtensibilityGlobals) = postSolution
		SolutionGuid = {E3DD89B2-5204-42E9-AD93-42811A9CEC2D}
	EndGlobalSection
EndGlobal
